
Microsoft Visual Studio Solution File, Format Version 12.00
# Visual Studio Version 17
VisualStudioVersion = 17.0.31903.59
MinimumVisualStudioVersion = 10.0.40219.1
Project("{2150E333-8FDC-42A3-9474-1A3956D46DE8}") = "src", "src", "{769EC567-6AC6-464B-B4D0-CA32FEE6C8FD}"
EndProject
Project("{FAE04EC0-301F-11D3-BF4B-00C04F79EFBC}") = "Backend.Api", "src\Backend.Api\Backend.Api.csproj", "{B7B44FD2-470C-43BD-979D-D1107F6E5F32}"
EndProject
Project("{FAE04EC0-301F-11D3-BF4B-00C04F79EFBC}") = "Backend.Domain", "src\Backend.Domain\Backend.Domain.csproj", "{5C8E88F1-B387-434F-8922-5039B3CDEE9A}"
EndProject
Project("{FAE04EC0-301F-11D3-BF4B-00C04F79EFBC}") = "Backend.Application", "src\Backend.Application\Backend.Application.csproj", "{95B8CE65-CF4E-4187-90E4-C20E6DECD6CF}"
EndProject
Project("{FAE04EC0-301F-11D3-BF4B-00C04F79EFBC}") = "Backend.Infrastructure", "src\Backend.Infrastructure\Backend.Infrastructure.csproj", "{2C3777E4-F49F-483C-82E2-A16EBCFB01BA}"
EndProject
Global
	GlobalSection(SolutionProperties) = preSolution
		HideSolutionNode = FALSE
	EndGlobalSection
	GlobalSection(SolutionConfigurationPlatforms) = preSolution
		Debug|Any CPU = Debug|Any CPU
		Debug|x64 = Debug|x64
		Debug|x86 = Debug|x86
		Release|Any CPU = Release|Any CPU
		Release|x64 = Release|x64
		Release|x86 = Release|x86
	EndGlobalSection
	GlobalSection(ProjectConfigurationPlatforms) = postSolution
		{B7B44FD2-470C-43BD-979D-D1107F6E5F32}.Debug|Any CPU.ActiveCfg = Debug|Any CPU
		{B7B44FD2-470C-43BD-979D-D1107F6E5F32}.Debug|Any CPU.Build.0 = Debug|Any CPU
		{B7B44FD2-470C-43BD-979D-D1107F6E5F32}.Debug|x64.ActiveCfg = Debug|Any CPU
		{B7B44FD2-470C-43BD-979D-D1107F6E5F32}.Debug|x64.Build.0 = Debug|Any CPU
		{B7B44FD2-470C-43BD-979D-D1107F6E5F32}.Debug|x86.ActiveCfg = Debug|Any CPU
		{B7B44FD2-470C-43BD-979D-D1107F6E5F32}.Debug|x86.Build.0 = Debug|Any CPU
		{B7B44FD2-470C-43BD-979D-D1107F6E5F32}.Release|Any CPU.ActiveCfg = Release|Any CPU
		{B7B44FD2-470C-43BD-979D-D1107F6E5F32}.Release|Any CPU.Build.0 = Release|Any CPU
		{B7B44FD2-470C-43BD-979D-D1107F6E5F32}.Release|x64.ActiveCfg = Release|Any CPU
		{B7B44FD2-470C-43BD-979D-D1107F6E5F32}.Release|x64.Build.0 = Release|Any CPU
		{B7B44FD2-470C-43BD-979D-D1107F6E5F32}.Release|x86.ActiveCfg = Release|Any CPU
		{B7B44FD2-470C-43BD-979D-D1107F6E5F32}.Release|x86.Build.0 = Release|Any CPU
		{5C8E88F1-B387-434F-8922-5039B3CDEE9A}.Debug|Any CPU.ActiveCfg = Debug|Any CPU
		{5C8E88F1-B387-434F-8922-5039B3CDEE9A}.Debug|Any CPU.Build.0 = Debug|Any CPU
		{5C8E88F1-B387-434F-8922-5039B3CDEE9A}.Debug|x64.ActiveCfg = Debug|Any CPU
		{5C8E88F1-B387-434F-8922-5039B3CDEE9A}.Debug|x64.Build.0 = Debug|Any CPU
		{5C8E88F1-B387-434F-8922-5039B3CDEE9A}.Debug|x86.ActiveCfg = Debug|Any CPU
		{5C8E88F1-B387-434F-8922-5039B3CDEE9A}.Debug|x86.Build.0 = Debug|Any CPU
		{5C8E88F1-B387-434F-8922-5039B3CDEE9A}.Release|Any CPU.ActiveCfg = Release|Any CPU
		{5C8E88F1-B387-434F-8922-5039B3CDEE9A}.Release|Any CPU.Build.0 = Release|Any CPU
		{5C8E88F1-B387-434F-8922-5039B3CDEE9A}.Release|x64.ActiveCfg = Release|Any CPU
		{5C8E88F1-B387-434F-8922-5039B3CDEE9A}.Release|x64.Build.0 = Release|Any CPU
		{5C8E88F1-B387-434F-8922-5039B3CDEE9A}.Release|x86.ActiveCfg = Release|Any CPU
		{5C8E88F1-B387-434F-8922-5039B3CDEE9A}.Release|x86.Build.0 = Release|Any CPU
		{95B8CE65-CF4E-4187-90E4-C20E6DECD6CF}.Debug|Any CPU.ActiveCfg = Debug|Any CPU
		{95B8CE65-CF4E-4187-90E4-C20E6DECD6CF}.Debug|Any CPU.Build.0 = Debug|Any CPU
		{95B8CE65-CF4E-4187-90E4-C20E6DECD6CF}.Debug|x64.ActiveCfg = Debug|Any CPU
		{95B8CE65-CF4E-4187-90E4-C20E6DECD6CF}.Debug|x64.Build.0 = Debug|Any CPU
		{95B8CE65-CF4E-4187-90E4-C20E6DECD6CF}.Debug|x86.ActiveCfg = Debug|Any CPU
		{95B8CE65-CF4E-4187-90E4-C20E6DECD6CF}.Debug|x86.Build.0 = Debug|Any CPU
		{95B8CE65-CF4E-4187-90E4-C20E6DECD6CF}.Release|Any CPU.ActiveCfg = Release|Any CPU
		{95B8CE65-CF4E-4187-90E4-C20E6DECD6CF}.Release|Any CPU.Build.0 = Release|Any CPU
		{95B8CE65-CF4E-4187-90E4-C20E6DECD6CF}.Release|x64.ActiveCfg = Release|Any CPU
		{95B8CE65-CF4E-4187-90E4-C20E6DECD6CF}.Release|x64.Build.0 = Release|Any CPU
		{95B8CE65-CF4E-4187-90E4-C20E6DECD6CF}.Release|x86.ActiveCfg = Release|Any CPU
		{95B8CE65-CF4E-4187-90E4-C20E6DECD6CF}.Release|x86.Build.0 = Release|Any CPU
		{2C3777E4-F49F-483C-82E2-A16EBCFB01BA}.Debug|Any CPU.ActiveCfg = Debug|Any CPU
		{2C3777E4-F49F-483C-82E2-A16EBCFB01BA}.Debug|Any CPU.Build.0 = Debug|Any CPU
		{2C3777E4-F49F-483C-82E2-A16EBCFB01BA}.Debug|x64.ActiveCfg = Debug|Any CPU
		{2C3777E4-F49F-483C-82E2-A16EBCFB01BA}.Debug|x64.Build.0 = Debug|Any CPU
		{2C3777E4-F49F-483C-82E2-A16EBCFB01BA}.Debug|x86.ActiveCfg = Debug|Any CPU
		{2C3777E4-F49F-483C-82E2-A16EBCFB01BA}.Debug|x86.Build.0 = Debug|Any CPU
		{2C3777E4-F49F-483C-82E2-A16EBCFB01BA}.Release|Any CPU.ActiveCfg = Release|Any CPU
		{2C3777E4-F49F-483C-82E2-A16EBCFB01BA}.Release|Any CPU.Build.0 = Release|Any CPU
		{2C3777E4-F49F-483C-82E2-A16EBCFB01BA}.Release|x64.ActiveCfg = Release|Any CPU
		{2C3777E4-F49F-483C-82E2-A16EBCFB01BA}.Release|x64.Build.0 = Release|Any CPU
		{2C3777E4-F49F-483C-82E2-A16EBCFB01BA}.Release|x86.ActiveCfg = Release|Any CPU
		{2C3777E4-F49F-483C-82E2-A16EBCFB01BA}.Release|x86.Build.0 = Release|Any CPU
	EndGlobalSection
	GlobalSection(NestedProjects) = preSolution
		{B7B44FD2-470C-43BD-979D-D1107F6E5F32} = {769EC567-6AC6-464B-B4D0-CA32FEE6C8FD}
		{5C8E88F1-B387-434F-8922-5039B3CDEE9A} = {769EC567-6AC6-464B-B4D0-CA32FEE6C8FD}
		{95B8CE65-CF4E-4187-90E4-C20E6DECD6CF} = {769EC567-6AC6-464B-B4D0-CA32FEE6C8FD}
		{2C3777E4-F49F-483C-82E2-A16EBCFB01BA} = {769EC567-6AC6-464B-B4D0-CA32FEE6C8FD}
	EndGlobalSection
EndGlobal
